
Microsoft Visual Studio Solution File, Format Version 12.00
# Visual Studio Version 17
VisualStudioVersion = 17.3.32804.467
MinimumVisualStudioVersion = 10.0.40219.1
Project("{9A19103F-16F7-4668-BE54-9A1E7A4F7556}") = "nucelotidz.storage.queue", "src\nucelotidz.storage.queue\nucelotidz.storage.queue.csproj", "{2EA338C9-8419-4AD5-9F48-27A752D3E067}"
EndProject
Project("{2150E333-8FDC-42A3-9474-1A3956D46DE8}") = "Solution Items", "Solution Items", "{7C70DD7C-7D35-4619-97FE-3406D7869A35}"
	ProjectSection(SolutionItems) = preProject
		.editorconfig = .editorconfig
	EndProjectSection
EndProject
Project("{FAE04EC0-301F-11D3-BF4B-00C04F79EFBC}") = "nucleotidz.queue.example", "example\nucleotidz.queue.example\nucleotidz.queue.example.csproj", "{02C60C34-1667-4A0B-8E69-10BEB4ED316C}"
EndProject
Global
	GlobalSection(SolutionConfigurationPlatforms) = preSolution
		Debug|Any CPU = Debug|Any CPU
		Release|Any CPU = Release|Any CPU
	EndGlobalSection
	GlobalSection(ProjectConfigurationPlatforms) = postSolution
		{2EA338C9-8419-4AD5-9F48-27A752D3E067}.Debug|Any CPU.ActiveCfg = Debug|Any CPU
		{2EA338C9-8419-4AD5-9F48-27A752D3E067}.Debug|Any CPU.Build.0 = Debug|Any CPU
		{2EA338C9-8419-4AD5-9F48-27A752D3E067}.Release|Any CPU.ActiveCfg = Release|Any CPU
		{2EA338C9-8419-4AD5-9F48-27A752D3E067}.Release|Any CPU.Build.0 = Release|Any CPU
		{02C60C34-1667-4A0B-8E69-10BEB4ED316C}.Debug|Any CPU.ActiveCfg = Debug|Any CPU
		{02C60C34-1667-4A0B-8E69-10BEB4ED316C}.Debug|Any CPU.Build.0 = Debug|Any CPU
		{02C60C34-1667-4A0B-8E69-10BEB4ED316C}.Release|Any CPU.ActiveCfg = Release|Any CPU
		{02C60C34-1667-4A0B-8E69-10BEB4ED316C}.Release|Any CPU.Build.0 = Release|Any CPU
	EndGlobalSection
	GlobalSection(SolutionProperties) = preSolution
		HideSolutionNode = FALSE
	EndGlobalSection
	GlobalSection(ExtensibilityGlobals) = postSolution
		SolutionGuid = {39066706-AA7C-431E-84C5-3A084F269FF5}
	EndGlobalSection
EndGlobal
